{
  "name": "basic-auth-example",
  "version": "0.0.0",
  "lockfileVersion": 1,
  "requires": true,
  "dependencies": {
    "@esbuild/android-arm": {
      "version": "0.18.18",
      "resolved": "https://registry.npmjs.org/@esbuild/android-arm/-/android-arm-0.18.18.tgz",
      "integrity": "sha512-oBymf7ZwplAawSxmiSlBCf+FMcY0f4bs5QP2jn43JKUf0M9DnrUTjqa5RvFPl1elw+sMfcpfBRPK+rb+E1q7zg==",
      "optional": true
    },
    "@esbuild/android-arm64": {
      "version": "0.18.18",
      "resolved": "https://registry.npmjs.org/@esbuild/android-arm64/-/android-arm64-0.18.18.tgz",
      "integrity": "sha512-dkAPYzRHq3dNXIzOyAknYOzsx8o3KWaNiuu56B2rP9IFPmFWMS58WQcTlUQi6iloku8ZyHHMluCe5sTWhKq/Yw==",
      "optional": true
    },
    "@esbuild/android-x64": {
      "version": "0.18.18",
      "resolved": "https://registry.npmjs.org/@esbuild/android-x64/-/android-x64-0.18.18.tgz",
      "integrity": "sha512-r7/pVcrUQMYkjvtE/1/n6BxhWM+/9tvLxDG1ev1ce4z3YsqoxMK9bbOM6bFcj0BowMeGQvOZWcBV182lFFKmrw==",
      "optional": true
    },
    "@esbuild/darwin-arm64": {
      "version": "0.18.18",
      "resolved": "https://registry.npmjs.org/@esbuild/darwin-arm64/-/darwin-arm64-0.18.18.tgz",
      "integrity": "sha512-MSe2iV9MAH3wfP0g+vzN9bp36rtPPuCSk+bT5E2vv/d8krvW5uB/Pi/Q5+txUZuxsG3GcO8dhygjnFq0wJU9hQ==",
      "optional": true
    },
    "@esbuild/darwin-x64": {
      "version": "0.18.18",
      "resolved": "https://registry.npmjs.org/@esbuild/darwin-x64/-/darwin-x64-0.18.18.tgz",
      "integrity": "sha512-ARFYISOWkaifjcr48YtO70gcDNeOf1H2RnmOj6ip3xHIj66f3dAbhcd5Nph5np6oHI7DhHIcr9MWO18RvUL1bw==",
      "optional": true
    },
    "@esbuild/freebsd-arm64": {
      "version": "0.18.18",
      "resolved": "https://registry.npmjs.org/@esbuild/freebsd-arm64/-/freebsd-arm64-0.18.18.tgz",
      "integrity": "sha512-BHnXmexzEWRU2ZySJosU0Ts0NRnJnNrMB6t4EiIaOSel73I8iLsNiTPLH0rJulAh19cYZutsB5XHK6N8fi5eMg==",
      "optional": true
    },
    "@esbuild/freebsd-x64": {
      "version": "0.18.18",
      "resolved": "https://registry.npmjs.org/@esbuild/freebsd-x64/-/freebsd-x64-0.18.18.tgz",
      "integrity": "sha512-n823w35wm0ZOobbuE//0sJjuz1Qj619+AwjgOcAJMN2pomZhH9BONCtn+KlfrmM/NWZ+27yB/eGVFzUIWLeh3w==",
      "optional": true
    },
    "@esbuild/linux-arm": {
      "version": "0.18.18",
      "resolved": "https://registry.npmjs.org/@esbuild/linux-arm/-/linux-arm-0.18.18.tgz",
      "integrity": "sha512-Kck3jxPLQU4VeAGwe8Q4NU+IWIx+suULYOFUI9T0C2J1+UQlOHJ08ITN+MaJJ+2youzJOmKmcphH/t3SJxQ1Tw==",
      "optional": true
    },
    "@esbuild/linux-arm64": {
      "version": "0.18.18",
      "resolved": "https://registry.npmjs.org/@esbuild/linux-arm64/-/linux-arm64-0.18.18.tgz",
      "integrity": "sha512-zANxnwF0sCinDcAqoMohGoWBK9QaFJ65Vgh0ZE+RXtURaMwx+RfmfLElqtnn7X8OYNckMoIXSg7u+tZ3tqTlrA==",
      "optional": true
    },
    "@esbuild/linux-ia32": {
      "version": "0.18.18",
      "resolved": "https://registry.npmjs.org/@esbuild/linux-ia32/-/linux-ia32-0.18.18.tgz",
      "integrity": "sha512-+VHz2sIRlY5u8IlaLJpdf5TL2kM76yx186pW7bpTB+vLWpzcFQVP04L842ZB2Ty13A1VXUvy3DbU1jV65P2skg==",
      "optional": true
    },
    "@esbuild/linux-loong64": {
      "version": "0.18.18",
      "resolved": "https://registry.npmjs.org/@esbuild/linux-loong64/-/linux-loong64-0.18.18.tgz",
      "integrity": "sha512-fXPEPdeGBvguo/1+Na8OIWz3667BN1cwbGtTEZWTd0qdyTsk5gGf9jVX8MblElbDb/Cpw6y5JiaQuL96YmvBwQ==",
      "optional": true
    },
    "@esbuild/linux-mips64el": {
      "version": "0.18.18",
      "resolved": "https://registry.npmjs.org/@esbuild/linux-mips64el/-/linux-mips64el-0.18.18.tgz",
      "integrity": "sha512-dLvRB87pIBIRnEIC32LIcgwK1JzlIuADIRjLKdUIpxauKwMuS/xMpN+cFl+0nN4RHNYOZ57DmXFFmQAcdlFOmw==",
      "optional": true
    },
    "@esbuild/linux-ppc64": {
      "version": "0.18.18",
      "resolved": "https://registry.npmjs.org/@esbuild/linux-ppc64/-/linux-ppc64-0.18.18.tgz",
      "integrity": "sha512-fRChqIJZ7hLkXSKfBLYgsX9Ssb5OGCjk3dzCETF5QSS1qjTgayLv0ALUdJDB9QOh/nbWwp+qfLZU6md4XcjL7w==",
      "optional": true
    },
    "@esbuild/linux-riscv64": {
      "version": "0.18.18",
      "resolved": "https://registry.npmjs.org/@esbuild/linux-riscv64/-/linux-riscv64-0.18.18.tgz",
      "integrity": "sha512-ALK/BT3u7Hoa/vHjow6W6+MKF0ohYcVcVA1EpskI4bkBPVuDLrUDqt2YFifg5UcZc8qup0CwQqWmFUd6VMNgaA==",
      "optional": true
    },
    "@esbuild/linux-s390x": {
      "version": "0.18.18",
      "resolved": "https://registry.npmjs.org/@esbuild/linux-s390x/-/linux-s390x-0.18.18.tgz",
      "integrity": "sha512-crT7jtOXd9iirY65B+mJQ6W0HWdNy8dtkZqKGWNcBnunpLcTCfne5y5bKic9bhyYzKpQEsO+C/VBPD8iF0RhRw==",
      "optional": true
    },
    "@esbuild/linux-x64": {
      "version": "0.18.18",
      "resolved": "https://registry.npmjs.org/@esbuild/linux-x64/-/linux-x64-0.18.18.tgz",
      "integrity": "sha512-/NSgghjBOW9ELqjXDYxOCCIsvQUZpvua1/6NdnA9Vnrp9UzEydyDdFXljUjMMS9p5KxMzbMO9frjHYGVHBfCHg==",
      "optional": true
    },
    "@esbuild/netbsd-x64": {
      "version": "0.18.18",
      "resolved": "https://registry.npmjs.org/@esbuild/netbsd-x64/-/netbsd-x64-0.18.18.tgz",
      "integrity": "sha512-8Otf05Vx5sZjLLDulgr5QS5lsWXMplKZEyHMArH9/S4olLlhzmdhQBPhzhJTNwaL2FJNdWcUPNGAcoD5zDTfUA==",
      "optional": true
    },
    "@esbuild/openbsd-x64": {
      "version": "0.18.18",
      "resolved": "https://registry.npmjs.org/@esbuild/openbsd-x64/-/openbsd-x64-0.18.18.tgz",
      "integrity": "sha512-tFiFF4kT5L5qhVrWJUNxEXWvvX8nK/UX9ZrB7apuTwY3f6+Xy4aFMBPwAVrBYtBd5MOUuyOVHK6HBZCAHkwUlw==",
      "optional": true
    },
    "@esbuild/sunos-x64": {
      "version": "0.18.18",
      "resolved": "https://registry.npmjs.org/@esbuild/sunos-x64/-/sunos-x64-0.18.18.tgz",
      "integrity": "sha512-MPogVV8Bzh8os4OM+YDGGsSzCzmNRiyKGtHoJyZLtI4BMmd6EcxmGlcEGK1uM46h1BiOyi7Z7teUtzzQhvkC+w==",
      "optional": true
    },
    "@esbuild/win32-arm64": {
      "version": "0.18.18",
      "resolved": "https://registry.npmjs.org/@esbuild/win32-arm64/-/win32-arm64-0.18.18.tgz",
      "integrity": "sha512-YKD6LF/XXY9REu+ZL5RAsusiG48n602qxsMVh/E8FFD9hp4OyTQaL9fpE1ovxwQXqFio+tT0ITUGjDSSSPN13w==",
      "optional": true
    },
    "@esbuild/win32-ia32": {
      "version": "0.18.18",
      "resolved": "https://registry.npmjs.org/@esbuild/win32-ia32/-/win32-ia32-0.18.18.tgz",
      "integrity": "sha512-NjSBmBsyZBTsZB6ga6rA6PfG/RHnwruUz/9YEVXcm4STGauFWvhYhOMhEyw1yU5NVgYYm8CH5AltCm77TS21/Q==",
      "optional": true
    },
    "@esbuild/win32-x64": {
      "version": "0.18.18",
      "resolved": "https://registry.npmjs.org/@esbuild/win32-x64/-/win32-x64-0.18.18.tgz",
      "integrity": "sha512-eTSg/gC3p3tdjj4roDhe5xu94l1s2jMazP8u2FsYO8SEKvSpPOO71EucprDn/IuErDPvTFUhV9lTw5z5WJCRKQ==",
      "dev": true,
      "optional": true
    },
    "dotenv": {
      "version": "16.3.1",
      "resolved": "https://registry.npmjs.org/dotenv/-/dotenv-16.3.1.tgz",
      "integrity": "sha512-IPzF4w4/Rd94bA9imS68tZBaYyBWSCE47V1RGuMrB94iyTOIEwRmVL2x/4An+6mETpLrKJ5hQkB8W4kFAadeIQ==",
      "dev": true
    },
    "esbuild": {
      "version": "0.18.18",
      "resolved": "https://registry.npmjs.org/esbuild/-/esbuild-0.18.18.tgz",
      "integrity": "sha512-UckDPWvdVJLNT0npk5AMTpVwGRQhS76rWFLmHwEtgNvWlR9sgVV1eyc/oeBtM86q9s8ABBLMmm0CwNxhVemOiw==",
      "dev": true,
      "requires": {
        "@esbuild/android-arm": "0.18.18",
        "@esbuild/android-arm64": "0.18.18",
        "@esbuild/android-x64": "0.18.18",
        "@esbuild/darwin-arm64": "0.18.18",
        "@esbuild/darwin-x64": "0.18.18",
        "@esbuild/freebsd-arm64": "0.18.18",
        "@esbuild/freebsd-x64": "0.18.18",
        "@esbuild/linux-arm": "0.18.18",
        "@esbuild/linux-arm64": "0.18.18",
        "@esbuild/linux-ia32": "0.18.18",
        "@esbuild/linux-loong64": "0.18.18",
        "@esbuild/linux-mips64el": "0.18.18",
        "@esbuild/linux-ppc64": "0.18.18",
        "@esbuild/linux-riscv64": "0.18.18",
        "@esbuild/linux-s390x": "0.18.18",
        "@esbuild/linux-x64": "0.18.18",
        "@esbuild/netbsd-x64": "0.18.18",
        "@esbuild/openbsd-x64": "0.18.18",
        "@esbuild/sunos-x64": "0.18.18",
        "@esbuild/win32-arm64": "0.18.18",
        "@esbuild/win32-ia32": "0.18.18",
        "@esbuild/win32-x64": "0.18.18"
      }
    },
    "fsevents": {
      "version": "2.3.2",
      "resolved": "https://registry.npmjs.org/fsevents/-/fsevents-2.3.2.tgz",
      "integrity": "sha512-xiqMQR4xAeHTuB9uWm+fFRcIOgKBMiOBP+eXiyT7jsgVCq1bkVygt00oASowB7EdtpOHaaPgKt812P9ab+DDKA==",
      "optional": true
    },
    "nanoid": {
      "version": "3.3.6",
      "resolved": "https://registry.npmjs.org/nanoid/-/nanoid-3.3.6.tgz",
      "integrity": "sha512-BGcqMMJuToF7i1rt+2PWSNVnWIkGCU78jBG3RxO/bZlnZPK2Cmi2QaffxGO/2RvWi9sL+FAiRiXMgsyxQ1DIDA==",
      "dev": true
    },
    "picocolors": {
      "version": "1.0.0",
      "resolved": "https://registry.npmjs.org/picocolors/-/picocolors-1.0.0.tgz",
      "integrity": "sha512-1fygroTLlHu66zi26VoTDv8yRgm0Fccecssto+MhsZ0D/DGW2sm8E8AjW7NU5VVTRt5GxbeZ5qBuJr+HyLYkjQ==",
      "dev": true
    },
    "postcss": {
      "version": "8.4.27",
      "resolved": "https://registry.npmjs.org/postcss/-/postcss-8.4.27.tgz",
      "integrity": "sha512-gY/ACJtJPSmUFPDCHtX78+01fHa64FaU4zaaWfuh1MhGJISufJAH4cun6k/8fwsHYeK4UQmENQK+tRLCFJE8JQ==",
      "dev": true,
      "requires": {
        "nanoid": "^3.3.6",
        "picocolors": "^1.0.0",
        "source-map-js": "^1.0.2"
      }
    },
    "rollup": {
      "version": "3.27.2",
      "resolved": "https://registry.npmjs.org/rollup/-/rollup-3.27.2.tgz",
      "integrity": "sha512-YGwmHf7h2oUHkVBT248x0yt6vZkYQ3/rvE5iQuVBh3WO8GcJ6BNeOkpoX1yMHIiBm18EMLjBPIoUDkhgnyxGOQ==",
      "dev": true,
      "requires": {
        "fsevents": "~2.3.2"
      }
    },
    "source-map-js": {
      "version": "1.0.2",
      "resolved": "https://registry.npmjs.org/source-map-js/-/source-map-js-1.0.2.tgz",
      "integrity": "sha512-R0XvVJ9WusLiqTCEiGCmICCMplcCkIwwR11mOSD9CR5u+IXYdiseeEuXCVAjS54zqwkLcPNnmU4OeJ6tUrWhDw==",
      "dev": true
    },
    "typescript": {
      "version": "5.1.6",
      "resolved": "https://registry.npmjs.org/typescript/-/typescript-5.1.6.tgz",
      "integrity": "sha512-zaWCozRZ6DLEWAWFrVDz1H6FVXzUSfTy5FUMWsQlU8Ym5JP9eO4xkTIROFCQvhQf61z6O/G6ugw3SgAnvvm+HA==",
      "dev": true
    },
    "vite": {
      "version": "4.4.8",
      "resolved": "https://registry.npmjs.org/vite/-/vite-4.4.8.tgz",
      "integrity": "sha512-LONawOUUjxQridNWGQlNizfKH89qPigK36XhMI7COMGztz8KNY0JHim7/xDd71CZwGT4HtSRgI7Hy+RlhG0Gvg==",
      "dev": true,
      "requires": {
        "esbuild": "^0.18.10",
        "fsevents": "~2.3.2",
        "postcss": "^8.4.26",
        "rollup": "^3.25.2"
      }
    },
    "vite-plugin-http-basic-auth": {
      "version": "1.0.0",
      "resolved": "https://registry.npmjs.org/vite-plugin-http-basic-auth/-/vite-plugin-http-basic-auth-1.0.0.tgz",
      "integrity": "sha512-uvD1NtBiPuWQUBbyas8REJdDslgsgaGMwcXbXhA4q5IRu4EKl7Gwubw93WthxGH9R2Ll9TjK/muaYAUIvPH/ag==",
      "dev": true,
      "requires": {
        "basic-auth": "^2.0.1"
      },
      "dependencies": {
        "@esbuild/win32-x64": {
          "version": "0.18.18",
          "resolved": "https://registry.npmjs.org/@esbuild/win32-x64/-/win32-x64-0.18.18.tgz",
          "integrity": "sha512-eTSg/gC3p3tdjj4roDhe5xu94l1s2jMazP8u2FsYO8SEKvSpPOO71EucprDn/IuErDPvTFUhV9lTw5z5WJCRKQ==",
          "optional": true
        },
        "@types/node": {
          "version": "20.4.8",
          "resolved": "https://registry.npmjs.org/@types/node/-/node-20.4.8.tgz",
          "integrity": "sha512-0mHckf6D2DiIAzh8fM8f3HQCvMKDpK94YQ0DSVkfWTG9BZleYIWudw9cJxX8oCk9bM+vAkDyujDV6dmKHbvQpg=="
        },
        "basic-auth": {
          "version": "2.0.1",
          "resolved": "https://registry.npmjs.org/basic-auth/-/basic-auth-2.0.1.tgz",
          "integrity": "sha512-NF+epuEdnUYVlGuhaxbbq+dvJttwLnGY+YixlXlME5KpQ5W3CnXA5cVTneY3SPbPDRkcjMbifrwmFYcClgOZeg==",
          "dev": true,
          "requires": {
            "safe-buffer": "5.1.2"
          }
        },
        "esbuild": {
          "version": "0.18.18",
          "resolved": "https://registry.npmjs.org/esbuild/-/esbuild-0.18.18.tgz",
          "integrity": "sha512-UckDPWvdVJLNT0npk5AMTpVwGRQhS76rWFLmHwEtgNvWlR9sgVV1eyc/oeBtM86q9s8ABBLMmm0CwNxhVemOiw==",
          "requires": {
            "@esbuild/android-arm": "0.18.18",
            "@esbuild/android-arm64": "0.18.18",
            "@esbuild/android-x64": "0.18.18",
            "@esbuild/darwin-arm64": "0.18.18",
            "@esbuild/darwin-x64": "0.18.18",
            "@esbuild/freebsd-arm64": "0.18.18",
            "@esbuild/freebsd-x64": "0.18.18",
            "@esbuild/linux-arm": "0.18.18",
            "@esbuild/linux-arm64": "0.18.18",
            "@esbuild/linux-ia32": "0.18.18",
            "@esbuild/linux-loong64": "0.18.18",
            "@esbuild/linux-mips64el": "0.18.18",
            "@esbuild/linux-ppc64": "0.18.18",
            "@esbuild/linux-riscv64": "0.18.18",
            "@esbuild/linux-s390x": "0.18.18",
            "@esbuild/linux-x64": "0.18.18",
            "@esbuild/netbsd-x64": "0.18.18",
            "@esbuild/openbsd-x64": "0.18.18",
            "@esbuild/sunos-x64": "0.18.18",
            "@esbuild/win32-arm64": "0.18.18",
            "@esbuild/win32-ia32": "0.18.18",
            "@esbuild/win32-x64": "0.18.18"
          }
        },
        "nanoid": {
          "version": "3.3.6",
          "resolved": "https://registry.npmjs.org/nanoid/-/nanoid-3.3.6.tgz",
          "integrity": "sha512-BGcqMMJuToF7i1rt+2PWSNVnWIkGCU78jBG3RxO/bZlnZPK2Cmi2QaffxGO/2RvWi9sL+FAiRiXMgsyxQ1DIDA=="
        },
        "picocolors": {
          "version": "1.0.0",
          "resolved": "https://registry.npmjs.org/picocolors/-/picocolors-1.0.0.tgz",
          "integrity": "sha512-1fygroTLlHu66zi26VoTDv8yRgm0Fccecssto+MhsZ0D/DGW2sm8E8AjW7NU5VVTRt5GxbeZ5qBuJr+HyLYkjQ=="
        },
        "postcss": {
          "version": "8.4.27",
          "resolved": "https://registry.npmjs.org/postcss/-/postcss-8.4.27.tgz",
          "integrity": "sha512-gY/ACJtJPSmUFPDCHtX78+01fHa64FaU4zaaWfuh1MhGJISufJAH4cun6k/8fwsHYeK4UQmENQK+tRLCFJE8JQ==",
          "requires": {
            "nanoid": "^3.3.6",
            "picocolors": "^1.0.0",
            "source-map-js": "^1.0.2"
          }
        },
        "rollup": {
          "version": "3.27.2",
          "resolved": "https://registry.npmjs.org/rollup/-/rollup-3.27.2.tgz",
          "integrity": "sha512-YGwmHf7h2oUHkVBT248x0yt6vZkYQ3/rvE5iQuVBh3WO8GcJ6BNeOkpoX1yMHIiBm18EMLjBPIoUDkhgnyxGOQ==",
          "requires": {
            "fsevents": "~2.3.2"
          }
        },
        "safe-buffer": {
          "version": "5.1.2",
          "resolved": "https://registry.npmjs.org/safe-buffer/-/safe-buffer-5.1.2.tgz",
          "integrity": "sha512-Gd2UZBJDkXlY7GbJxfsE8/nvKkUEU1G38c1siN6QP6a9PT9MmHB8GnpscSmMJSoF8LOIrt8ud/wPtojys4G6+g==",
          "dev": true
        },
        "source-map-js": {
          "version": "1.0.2",
          "resolved": "https://registry.npmjs.org/source-map-js/-/source-map-js-1.0.2.tgz",
          "integrity": "sha512-R0XvVJ9WusLiqTCEiGCmICCMplcCkIwwR11mOSD9CR5u+IXYdiseeEuXCVAjS54zqwkLcPNnmU4OeJ6tUrWhDw=="
        },
        "typescript": {
          "version": "5.1.6",
          "resolved": "https://registry.npmjs.org/typescript/-/typescript-5.1.6.tgz",
          "integrity": "sha512-zaWCozRZ6DLEWAWFrVDz1H6FVXzUSfTy5FUMWsQlU8Ym5JP9eO4xkTIROFCQvhQf61z6O/G6ugw3SgAnvvm+HA=="
        },
        "vite": {
          "version": "4.4.8",
          "resolved": "https://registry.npmjs.org/vite/-/vite-4.4.8.tgz",
          "integrity": "sha512-LONawOUUjxQridNWGQlNizfKH89qPigK36XhMI7COMGztz8KNY0JHim7/xDd71CZwGT4HtSRgI7Hy+RlhG0Gvg==",
          "requires": {
            "esbuild": "^0.18.10",
            "fsevents": "~2.3.2",
            "postcss": "^8.4.26",
            "rollup": "^3.25.2"
          }
        }
      }
    }
  }
}
